
Microsoft Visual Studio Solution File, Format Version 12.00
# Visual Studio 14
VisualStudioVersion = 14.0.25420.1
MinimumVisualStudioVersion = 10.0.40219.1
Project("{FAE04EC0-301F-11D3-BF4B-00C04F79EFBC}") = "CommonCoreLibrary", "CommonCoreLibrary\CommonCoreLibrary.csproj", "{01ABA280-1CEE-4BED-BC2C-41308C352776}"
EndProject
Project("{2150E333-8FDC-42A3-9474-1A3956D46DE8}") = "Demo", "Demo", "{D7390B4B-BA45-46E1-BC74-F37D72937C06}"
EndProject
Project("{FAE04EC0-301F-11D3-BF4B-00C04F79EFBC}") = "Demo.Serialisation", "Demo.Serialisation\Demo.Serialisation.csproj", "{F1995369-E1F5-484D-8C26-2D953F066E41}"
EndProject
Project("{FAE04EC0-301F-11D3-BF4B-00C04F79EFBC}") = "Demo.Noise", "Demo.Noise\Demo.Noise.csproj", "{85F393A4-BAB3-471F-8512-57B8B8031C31}"
EndProject
Global
	GlobalSection(SolutionConfigurationPlatforms) = preSolution
		Debug|Any CPU = Debug|Any CPU
		Release|Any CPU = Release|Any CPU
	EndGlobalSection
	GlobalSection(ProjectConfigurationPlatforms) = postSolution
		{01ABA280-1CEE-4BED-BC2C-41308C352776}.Debug|Any CPU.ActiveCfg = Debug|Any CPU
		{01ABA280-1CEE-4BED-BC2C-41308C352776}.Debug|Any CPU.Build.0 = Debug|Any CPU
		{01ABA280-1CEE-4BED-BC2C-41308C352776}.Release|Any CPU.ActiveCfg = Release|Any CPU
		{01ABA280-1CEE-4BED-BC2C-41308C352776}.Release|Any CPU.Build.0 = Release|Any CPU
		{F1995369-E1F5-484D-8C26-2D953F066E41}.Debug|Any CPU.ActiveCfg = Debug|Any CPU
		{F1995369-E1F5-484D-8C26-2D953F066E41}.Debug|Any CPU.Build.0 = Debug|Any CPU
		{F1995369-E1F5-484D-8C26-2D953F066E41}.Release|Any CPU.ActiveCfg = Release|Any CPU
		{F1995369-E1F5-484D-8C26-2D953F066E41}.Release|Any CPU.Build.0 = Release|Any CPU
		{85F393A4-BAB3-471F-8512-57B8B8031C31}.Debug|Any CPU.ActiveCfg = Debug|Any CPU
		{85F393A4-BAB3-471F-8512-57B8B8031C31}.Debug|Any CPU.Build.0 = Debug|Any CPU
		{85F393A4-BAB3-471F-8512-57B8B8031C31}.Release|Any CPU.ActiveCfg = Release|Any CPU
		{85F393A4-BAB3-471F-8512-57B8B8031C31}.Release|Any CPU.Build.0 = Release|Any CPU
	EndGlobalSection
	GlobalSection(SolutionProperties) = preSolution
		HideSolutionNode = FALSE
	EndGlobalSection
	GlobalSection(NestedProjects) = preSolution
		{F1995369-E1F5-484D-8C26-2D953F066E41} = {D7390B4B-BA45-46E1-BC74-F37D72937C06}
		{85F393A4-BAB3-471F-8512-57B8B8031C31} = {D7390B4B-BA45-46E1-BC74-F37D72937C06}
	EndGlobalSection
EndGlobal
